
Microsoft Visual Studio Solution File, Format Version 12.00
# Visual Studio Version 17
VisualStudioVersion = 17.4.33103.184
MinimumVisualStudioVersion = 10.0.40219.1
Project("{FAE04EC0-301F-11D3-BF4B-00C04F79EFBC}") = "MyFirstWebApp", "MyFirstWebApp\MyFirstWebApp.csproj", "{9F1D8A2A-BEF5-4E78-A23C-3CA7278F2269}"
EndProject
Global
	GlobalSection(SolutionConfigurationPlatforms) = preSolution
		Debug|Any CPU = Debug|Any CPU
		Release|Any CPU = Release|Any CPU
	EndGlobalSection
	GlobalSection(ProjectConfigurationPlatforms) = postSolution
		{9F1D8A2A-BEF5-4E78-A23C-3CA7278F2269}.Debug|Any CPU.ActiveCfg = Debug|Any CPU
		{9F1D8A2A-BEF5-4E78-A23C-3CA7278F2269}.Debug|Any CPU.Build.0 = Debug|Any CPU
		{9F1D8A2A-BEF5-4E78-A23C-3CA7278F2269}.Release|Any CPU.ActiveCfg = Release|Any CPU
		{9F1D8A2A-BEF5-4E78-A23C-3CA7278F2269}.Release|Any CPU.Build.0 = Release|Any CPU
	EndGlobalSection
	GlobalSection(SolutionProperties) = preSolution
		HideSolutionNode = FALSE
	EndGlobalSection
	GlobalSection(ExtensibilityGlobals) = postSolution
		SolutionGuid = {64A20BF9-D493-42BA-ABF2-271C6C8DB175}
	EndGlobalSection
EndGlobal
